
Microsoft Visual Studio Solution File, Format Version 12.00
# Visual Studio Version 17
VisualStudioVersion = 17.9.34622.214
MinimumVisualStudioVersion = 10.0.40219.1
Project("{9A19103F-16F7-4668-BE54-9A1E7A4F7556}") = "Global.Common", "Global.Common\Global.Common.csproj", "{6BC01736-BE2E-47BB-9557-6321F22BB221}"
EndProject
Project("{9A19103F-16F7-4668-BE54-9A1E7A4F7556}") = "Global.Common.Test", "Global.Common.Test\Global.Common.Test.csproj", "{584355E5-D76D-4EF2-926C-4CDAAB4D623A}"
EndProject
Global
	GlobalSection(SolutionConfigurationPlatforms) = preSolution
		Debug|Any CPU = Debug|Any CPU
		Release|Any CPU = Release|Any CPU
	EndGlobalSection
	GlobalSection(ProjectConfigurationPlatforms) = postSolution
		{6BC01736-BE2E-47BB-9557-6321F22BB221}.Debug|Any CPU.ActiveCfg = Debug|Any CPU
		{6BC01736-BE2E-47BB-9557-6321F22BB221}.Debug|Any CPU.Build.0 = Debug|Any CPU
		{6BC01736-BE2E-47BB-9557-6321F22BB221}.Release|Any CPU.ActiveCfg = Release|Any CPU
		{6BC01736-BE2E-47BB-9557-6321F22BB221}.Release|Any CPU.Build.0 = Release|Any CPU
		{584355E5-D76D-4EF2-926C-4CDAAB4D623A}.Debug|Any CPU.ActiveCfg = Debug|Any CPU
		{584355E5-D76D-4EF2-926C-4CDAAB4D623A}.Debug|Any CPU.Build.0 = Debug|Any CPU
		{584355E5-D76D-4EF2-926C-4CDAAB4D623A}.Release|Any CPU.ActiveCfg = Release|Any CPU
		{584355E5-D76D-4EF2-926C-4CDAAB4D623A}.Release|Any CPU.Build.0 = Release|Any CPU
	EndGlobalSection
	GlobalSection(SolutionProperties) = preSolution
		HideSolutionNode = FALSE
	EndGlobalSection
	GlobalSection(ExtensibilityGlobals) = postSolution
		SolutionGuid = {6BF885B6-AD2A-49BB-A6D7-42BF620623B6}
	EndGlobalSection
EndGlobal
